
Microsoft Visual Studio Solution File, Format Version 12.00
# Visual Studio Version 17
VisualStudioVersion = 17.4.33403.182
MinimumVisualStudioVersion = 10.0.40219.1
Project("{FAE04EC0-301F-11D3-BF4B-00C04F79EFBC}") = "ПР3(4 завдання)", "ПР3(4 завдання)\ПР3(4 завдання).csproj", "{D1D0D74E-D70D-43DE-A4E1-2165D6FD92FB}"
EndProject
Global
	GlobalSection(SolutionConfigurationPlatforms) = preSolution
		Debug|Any CPU = Debug|Any CPU
		Release|Any CPU = Release|Any CPU
	EndGlobalSection
	GlobalSection(ProjectConfigurationPlatforms) = postSolution
		{D1D0D74E-D70D-43DE-A4E1-2165D6FD92FB}.Debug|Any CPU.ActiveCfg = Debug|Any CPU
		{D1D0D74E-D70D-43DE-A4E1-2165D6FD92FB}.Debug|Any CPU.Build.0 = Debug|Any CPU
		{D1D0D74E-D70D-43DE-A4E1-2165D6FD92FB}.Release|Any CPU.ActiveCfg = Release|Any CPU
		{D1D0D74E-D70D-43DE-A4E1-2165D6FD92FB}.Release|Any CPU.Build.0 = Release|Any CPU
	EndGlobalSection
	GlobalSection(SolutionProperties) = preSolution
		HideSolutionNode = FALSE
	EndGlobalSection
	GlobalSection(ExtensibilityGlobals) = postSolution
		SolutionGuid = {32CB6AC7-5DD7-48DE-9E4A-3366D41B49C2}
	EndGlobalSection
EndGlobal
